
Microsoft Visual Studio Solution File, Format Version 12.00
# Visual Studio Version 17
VisualStudioVersion = 17.9.34701.34
MinimumVisualStudioVersion = 10.0.40219.1
Project("{FAE04EC0-301F-11D3-BF4B-00C04F79EFBC}") = "NLP_Delivery", "NLP_Delivery.csproj", "{B59FF61F-9697-4479-A50B-D96D7061F7CB}"
EndProject
Global
	GlobalSection(SolutionConfigurationPlatforms) = preSolution
		Debug|Any CPU = Debug|Any CPU
		Release|Any CPU = Release|Any CPU
	EndGlobalSection
	GlobalSection(ProjectConfigurationPlatforms) = postSolution
		{B59FF61F-9697-4479-A50B-D96D7061F7CB}.Debug|Any CPU.ActiveCfg = Debug|Any CPU
		{B59FF61F-9697-4479-A50B-D96D7061F7CB}.Debug|Any CPU.Build.0 = Debug|Any CPU
		{B59FF61F-9697-4479-A50B-D96D7061F7CB}.Release|Any CPU.ActiveCfg = Release|Any CPU
		{B59FF61F-9697-4479-A50B-D96D7061F7CB}.Release|Any CPU.Build.0 = Release|Any CPU
	EndGlobalSection
	GlobalSection(SolutionProperties) = preSolution
		HideSolutionNode = FALSE
	EndGlobalSection
	GlobalSection(ExtensibilityGlobals) = postSolution
		SolutionGuid = {495BCDAE-166E-417D-BD75-BD768955FCC3}
	EndGlobalSection
EndGlobal
